
Microsoft Visual Studio Solution File, Format Version 12.00
# Visual Studio Version 17
VisualStudioVersion = 17.10.34916.146
MinimumVisualStudioVersion = 10.0.40219.1
Project("{FAE04EC0-301F-11D3-BF4B-00C04F79EFBC}") = "CrudTask", "CrudTask\CrudTask.csproj", "{923C5AE7-4742-4DC1-8D10-6AF97871A760}"
EndProject
Global
	GlobalSection(SolutionConfigurationPlatforms) = preSolution
		Debug|Any CPU = Debug|Any CPU
		Release|Any CPU = Release|Any CPU
	EndGlobalSection
	GlobalSection(ProjectConfigurationPlatforms) = postSolution
		{923C5AE7-4742-4DC1-8D10-6AF97871A760}.Debug|Any CPU.ActiveCfg = Debug|Any CPU
		{923C5AE7-4742-4DC1-8D10-6AF97871A760}.Debug|Any CPU.Build.0 = Debug|Any CPU
		{923C5AE7-4742-4DC1-8D10-6AF97871A760}.Release|Any CPU.ActiveCfg = Release|Any CPU
		{923C5AE7-4742-4DC1-8D10-6AF97871A760}.Release|Any CPU.Build.0 = Release|Any CPU
	EndGlobalSection
	GlobalSection(SolutionProperties) = preSolution
		HideSolutionNode = FALSE
	EndGlobalSection
	GlobalSection(ExtensibilityGlobals) = postSolution
		SolutionGuid = {CDB9EBBF-4F3A-48F1-B787-1CF2744B69F2}
	EndGlobalSection
EndGlobal
